# THIS IS AN AUTOGENERATED FILE. DO NOT EDIT THIS FILE DIRECTLY.
# yarn lockfile v1


"@babel/polyfill@^7.4.4":
  version "7.4.4"
  resolved "https://registry.yarnpkg.com/@babel/polyfill/-/polyfill-7.4.4.tgz#78801cf3dbe657844eeabf31c1cae3828051e893"
  integrity sha512-WlthFLfhQQhh+A2Gn5NSFl0Huxz36x86Jn+E9OW7ibK8edKPq+KLy4apM1yDpQ8kJOVi1OVjpP4vSDLdrI04dg==
  dependencies:
    core-js "^2.6.5"
    regenerator-runtime "^0.13.2"

"@mdi/font@^3.6.95":
  version "3.9.97"
  resolved "https://registry.yarnpkg.com/@mdi/font/-/font-3.9.97.tgz#b9f31e05574452e84f57e5b81d34ffd593bc9c29"
  integrity sha512-yADBl2mzqIssrhLaRvJ2gZPyEQK+fN9uYh/1/cwwuq2lKDx+ITWsOrh1vlHMfw1IICMx9cwBjSoiCf3B8Br8nw==

core-js@^2.6.5:
  version "2.6.9"
  resolved "https://registry.yarnpkg.com/core-js/-/core-js-2.6.9.tgz#6b4b214620c834152e179323727fc19741b084f2"
  integrity sha512-HOpZf6eXmnl7la+cUdMnLvUxKNqLUzJvgIziQ0DiF3JwSImNphIqdGqzj6hIKyX04MmV0poclQ7+wjWvxQyR2A==

regenerator-runtime@^0.13.2:
  version "0.13.3"
  resolved "https://registry.yarnpkg.com/regenerator-runtime/-/regenerator-runtime-0.13.3.tgz#7cf6a77d8f5c6f60eb73c5fc1955b2ceb01e6bf5"
  integrity sha512-naKIZz2GQ8JWh///G7L3X6LaQUAMp2lvb1rvwwsURe/VXwD6VMfr+/1NuNw3ag8v2kY1aQ/go5SNn79O9JU7yw==

roboto-fontface@*:
  version "0.10.0"
  resolved "https://registry.yarnpkg.com/roboto-fontface/-/roboto-fontface-0.10.0.tgz#7eee40cfa18b1f7e4e605eaf1a2740afb6fd71b0"
  integrity sha512-OlwfYEgA2RdboZohpldlvJ1xngOins5d7ejqnIBWr9KaMxsnBqotpptRXTyfNRLnFpqzX6sTDt+X+a+6udnU8g==

vue-cli-plugin-vuetify@^0.6.3:
  version "0.6.3"
  resolved "https://registry.yarnpkg.com/vue-cli-plugin-vuetify/-/vue-cli-plugin-vuetify-0.6.3.tgz#71d956cdec419f5628d2b44c43bdc1e6ec3356bf"
  integrity sha512-bdbJcNIc8rrXX1KUiA/7H5mbq6hnjics+k0Q9qdWrX9DjXkGDd+kWhbk9pAIfAZgyHkgGxsgMXF4QhpMMYBiFg==

vuetify@^2.0.11:
  version "2.0.11"
  resolved "https://registry.yarnpkg.com/vuetify/-/vuetify-2.0.11.tgz#4679d6d37e4594daec930b28f1bc7083bcc76ca6"
  integrity sha512-H5g0Wf/KHS1t29X+kh5hkj25dZNITCDtOb3UGl1YXx5Ua3xXUfXBRjKP50BJ7uZtQ3Jk9CiwoA6k3Lstv6zFow==
